
Microsoft Visual Studio Solution File, Format Version 12.00
# Visual Studio Version 16
VisualStudioVersion = 16.0.29418.71
MinimumVisualStudioVersion = 10.0.40219.1
Project("{FAE04EC0-301F-11D3-BF4B-00C04F79EFBC}") = "AOC10", "AOC10\AOC10.csproj", "{B28CE5AC-6657-487E-B8A4-0592879D6EBF}"
EndProject
Global
	GlobalSection(SolutionConfigurationPlatforms) = preSolution
		Debug|Any CPU = Debug|Any CPU
		Release|Any CPU = Release|Any CPU
	EndGlobalSection
	GlobalSection(ProjectConfigurationPlatforms) = postSolution
		{B28CE5AC-6657-487E-B8A4-0592879D6EBF}.Debug|Any CPU.ActiveCfg = Debug|Any CPU
		{B28CE5AC-6657-487E-B8A4-0592879D6EBF}.Debug|Any CPU.Build.0 = Debug|Any CPU
		{B28CE5AC-6657-487E-B8A4-0592879D6EBF}.Release|Any CPU.ActiveCfg = Release|Any CPU
		{B28CE5AC-6657-487E-B8A4-0592879D6EBF}.Release|Any CPU.Build.0 = Release|Any CPU
	EndGlobalSection
	GlobalSection(SolutionProperties) = preSolution
		HideSolutionNode = FALSE
	EndGlobalSection
	GlobalSection(ExtensibilityGlobals) = postSolution
		SolutionGuid = {548C31E5-3578-4FB7-B571-705EF3114CCF}
	EndGlobalSection
EndGlobal
