
Microsoft Visual Studio Solution File, Format Version 12.00
# Visual Studio Version 16
VisualStudioVersion = 16.0.29418.71
MinimumVisualStudioVersion = 10.0.40219.1
Project("{FAE04EC0-301F-11D3-BF4B-00C04F79EFBC}") = "AOC09", "AOC09\AOC09.csproj", "{C12793EF-07C7-426D-A686-A27283B8759F}"
EndProject
Global
	GlobalSection(SolutionConfigurationPlatforms) = preSolution
		Debug|Any CPU = Debug|Any CPU
		Release|Any CPU = Release|Any CPU
	EndGlobalSection
	GlobalSection(ProjectConfigurationPlatforms) = postSolution
		{C12793EF-07C7-426D-A686-A27283B8759F}.Debug|Any CPU.ActiveCfg = Debug|Any CPU
		{C12793EF-07C7-426D-A686-A27283B8759F}.Debug|Any CPU.Build.0 = Debug|Any CPU
		{C12793EF-07C7-426D-A686-A27283B8759F}.Release|Any CPU.ActiveCfg = Release|Any CPU
		{C12793EF-07C7-426D-A686-A27283B8759F}.Release|Any CPU.Build.0 = Release|Any CPU
	EndGlobalSection
	GlobalSection(SolutionProperties) = preSolution
		HideSolutionNode = FALSE
	EndGlobalSection
	GlobalSection(ExtensibilityGlobals) = postSolution
		SolutionGuid = {D9C8CD2F-0F75-4307-B928-DC20B3221C66}
	EndGlobalSection
EndGlobal
