
Microsoft Visual Studio Solution File, Format Version 12.00
# Visual Studio Version 16
VisualStudioVersion = 16.0.29418.71
MinimumVisualStudioVersion = 10.0.40219.1
Project("{FAE04EC0-301F-11D3-BF4B-00C04F79EFBC}") = "AOC13", "AOC13\AOC13.csproj", "{9C0B3F29-434A-4709-9755-CA1A0F668A21}"
EndProject
Global
	GlobalSection(SolutionConfigurationPlatforms) = preSolution
		Debug|Any CPU = Debug|Any CPU
		Release|Any CPU = Release|Any CPU
	EndGlobalSection
	GlobalSection(ProjectConfigurationPlatforms) = postSolution
		{9C0B3F29-434A-4709-9755-CA1A0F668A21}.Debug|Any CPU.ActiveCfg = Debug|Any CPU
		{9C0B3F29-434A-4709-9755-CA1A0F668A21}.Debug|Any CPU.Build.0 = Debug|Any CPU
		{9C0B3F29-434A-4709-9755-CA1A0F668A21}.Release|Any CPU.ActiveCfg = Release|Any CPU
		{9C0B3F29-434A-4709-9755-CA1A0F668A21}.Release|Any CPU.Build.0 = Release|Any CPU
	EndGlobalSection
	GlobalSection(SolutionProperties) = preSolution
		HideSolutionNode = FALSE
	EndGlobalSection
	GlobalSection(ExtensibilityGlobals) = postSolution
		SolutionGuid = {E34FC547-C209-483C-B471-98570EFA46C2}
	EndGlobalSection
EndGlobal
